
Microsoft Visual Studio Solution File, Format Version 11.00
# Visual Studio 2010
Project("{FAE04EC0-301F-11D3-BF4B-00C04F79EFBC}") = "Assembly-CSharp", "Assembly-CSharp.csproj", "{b5b2f13c-6f27-e7cb-0c11-4e2e2ddf708b}"
EndProject
Project("{FAE04EC0-301F-11D3-BF4B-00C04F79EFBC}") = "Unity.WebRTC.Samples", "Unity.WebRTC.Samples.csproj", "{6c07b7a8-1f4f-f67e-059d-260385d4f20a}"
EndProject
Global
	GlobalSection(SolutionConfigurationPlatforms) = preSolution
		Debug|Any CPU = Debug|Any CPU
	EndGlobalSection
	GlobalSection(ProjectConfigurationPlatforms) = postSolution
		{b5b2f13c-6f27-e7cb-0c11-4e2e2ddf708b}.Debug|Any CPU.ActiveCfg = Debug|Any CPU
		{b5b2f13c-6f27-e7cb-0c11-4e2e2ddf708b}.Debug|Any CPU.Build.0 = Debug|Any CPU
		{6c07b7a8-1f4f-f67e-059d-260385d4f20a}.Debug|Any CPU.ActiveCfg = Debug|Any CPU
		{6c07b7a8-1f4f-f67e-059d-260385d4f20a}.Debug|Any CPU.Build.0 = Debug|Any CPU
	EndGlobalSection
	GlobalSection(SolutionProperties) = preSolution
		HideSolutionNode = FALSE
	EndGlobalSection
EndGlobal
